
Microsoft Visual Studio Solution File, Format Version 12.00
# Visual Studio Version 16
VisualStudioVersion = 25.0.1706.13
MinimumVisualStudioVersion = 10.0.40219.1
Project("{FAE04EC0-301F-11D3-BF4B-00C04F79EFBC}") = "RegestratoionForm", "RegestratoionForm\RegestratoionForm.csproj", "{AD4D1DF1-D865-4AC3-9B6D-B1C2C237488B}"
EndProject
Global
	GlobalSection(SolutionConfigurationPlatforms) = preSolution
		Debug|Any CPU = Debug|Any CPU
		Release|Any CPU = Release|Any CPU
	EndGlobalSection
	GlobalSection(ProjectConfigurationPlatforms) = postSolution
		{AD4D1DF1-D865-4AC3-9B6D-B1C2C237488B}.Debug|Any CPU.ActiveCfg = Debug|Any CPU
		{AD4D1DF1-D865-4AC3-9B6D-B1C2C237488B}.Debug|Any CPU.Build.0 = Debug|Any CPU
		{AD4D1DF1-D865-4AC3-9B6D-B1C2C237488B}.Release|Any CPU.ActiveCfg = Release|Any CPU
		{AD4D1DF1-D865-4AC3-9B6D-B1C2C237488B}.Release|Any CPU.Build.0 = Release|Any CPU
	EndGlobalSection
	GlobalSection(SolutionProperties) = preSolution
		HideSolutionNode = FALSE
	EndGlobalSection
	GlobalSection(ExtensibilityGlobals) = postSolution
		SolutionGuid = {DC5AA15E-BDF0-4506-B40A-14EDCBE80FCD}
	EndGlobalSection
EndGlobal
